
Microsoft Visual Studio Solution File, Format Version 12.00
# Visual Studio Version 17
VisualStudioVersion = 17.0.31903.59
MinimumVisualStudioVersion = 10.0.40219.1
Project("{FAE04EC0-301F-11D3-BF4B-00C04F79EFBC}") = "IntelligenceX", "IntelligenceX\IntelligenceX.csproj", "{3E89387D-4226-4CD0-B789-4EB31072407B}"
EndProject
Project("{FAE04EC0-301F-11D3-BF4B-00C04F79EFBC}") = "IntelligenceX.Examples", "IntelligenceX.Examples\IntelligenceX.Examples.csproj", "{A456475B-B4FB-4BE1-B4F0-24696CF58CCF}"
EndProject
Project("{FAE04EC0-301F-11D3-BF4B-00C04F79EFBC}") = "IntelligenceX.Tests", "IntelligenceX.Tests\IntelligenceX.Tests.csproj", "{5948D1C2-E149-48DE-892C-3FD23BD8AFB7}"
EndProject
Project("{FAE04EC0-301F-11D3-BF4B-00C04F79EFBC}") = "IntelligenceX.PowerShell", "IntelligenceX.PowerShell\IntelligenceX.PowerShell.csproj", "{9B7543D9-11EE-42BB-83F0-350B5A300CA8}"
EndProject
Project("{FAE04EC0-301F-11D3-BF4B-00C04F79EFBC}") = "IntelligenceX.Reviewer", "IntelligenceX.Reviewer\IntelligenceX.Reviewer.csproj", "{4944FF21-A87E-44D9-8C32-55F174A14077}"
EndProject
Project("{FAE04EC0-301F-11D3-BF4B-00C04F79EFBC}") = "IntelligenceX.Cli", "IntelligenceX.Cli\IntelligenceX.Cli.csproj", "{3CC3EC98-2F2B-41FE-95B1-2E56ECC94A92}"
EndProject
Project("{FAE04EC0-301F-11D3-BF4B-00C04F79EFBC}") = "IntelligenceX.UnitTests", "IntelligenceX.UnitTests\IntelligenceX.UnitTests.csproj", "{D34B52A9-4A01-4F0C-AD2D-F7BC213167D1}"
EndProject
Project("{2150E333-8FDC-42A3-9474-1A3956D46DE8}") = "IntelligenceX.Chat", "IntelligenceX.Chat", "{D1F1BB08-BE39-95C4-A2DF-241D33B14E3E}"
EndProject
Project("{FAE04EC0-301F-11D3-BF4B-00C04F79EFBC}") = "IntelligenceX.Chat.Tooling", "IntelligenceX.Chat\IntelligenceX.Chat.Tooling\IntelligenceX.Chat.Tooling.csproj", "{B82DE122-9FC2-4076-AAAC-B049D7301033}"
EndProject
Project("{FAE04EC0-301F-11D3-BF4B-00C04F79EFBC}") = "IntelligenceX.Chat.Host", "IntelligenceX.Chat\IntelligenceX.Chat.Host\IntelligenceX.Chat.Host.csproj", "{6E311E8E-7060-490C-B7CC-AC7FE8ACFC03}"
EndProject
Project("{2150E333-8FDC-42A3-9474-1A3956D46DE8}") = "IntelligenceX.Tools", "IntelligenceX.Tools", "{456B5869-3828-0104-04B0-1197E73E3D4A}"
EndProject
Project("{FAE04EC0-301F-11D3-BF4B-00C04F79EFBC}") = "IntelligenceX.Tools.FileSystem", "IntelligenceX.Tools\IntelligenceX.Tools.FileSystem\IntelligenceX.Tools.FileSystem.csproj", "{2C7B4947-FD8F-484E-886A-A62A2222556E}"
EndProject
Project("{FAE04EC0-301F-11D3-BF4B-00C04F79EFBC}") = "IntelligenceX.Tools.Common", "IntelligenceX.Tools\IntelligenceX.Tools.Common\IntelligenceX.Tools.Common.csproj", "{1665D53D-BCAD-4EF4-BC67-71BD62B668BA}"
EndProject
Project("{FAE04EC0-301F-11D3-BF4B-00C04F79EFBC}") = "IntelligenceX.Tools.Tests", "IntelligenceX.Tools\IntelligenceX.Tools.Tests\IntelligenceX.Tools.Tests.csproj", "{F9CFDD1C-CBFD-4BD3-B448-6DD115311988}"
EndProject
Project("{FAE04EC0-301F-11D3-BF4B-00C04F79EFBC}") = "IntelligenceX.Tools.System", "IntelligenceX.Tools\IntelligenceX.Tools.System\IntelligenceX.Tools.System.csproj", "{83840D32-CD58-4700-973E-9954CF4407C8}"
EndProject
Project("{FAE04EC0-301F-11D3-BF4B-00C04F79EFBC}") = "IntelligenceX.Tools.PowerShell", "IntelligenceX.Tools\IntelligenceX.Tools.PowerShell\IntelligenceX.Tools.PowerShell.csproj", "{52F57020-A643-4019-90C6-8C47C6C925A8}"
EndProject
Project("{FAE04EC0-301F-11D3-BF4B-00C04F79EFBC}") = "IntelligenceX.Tools.TestimoX", "IntelligenceX.Tools\IntelligenceX.Tools.TestimoX\IntelligenceX.Tools.TestimoX.csproj", "{5683B956-F881-4AB6-BE98-15AB1734AA6E}"
EndProject
Project("{FAE04EC0-301F-11D3-BF4B-00C04F79EFBC}") = "IntelligenceX.Tools.EventLog", "IntelligenceX.Tools\IntelligenceX.Tools.EventLog\IntelligenceX.Tools.EventLog.csproj", "{3E50D0B7-9ED0-4562-B4C6-47EDB0DF0177}"
EndProject
Project("{FAE04EC0-301F-11D3-BF4B-00C04F79EFBC}") = "IntelligenceX.Tools.Email", "IntelligenceX.Tools\IntelligenceX.Tools.Email\IntelligenceX.Tools.Email.csproj", "{7BFA8BFA-62DF-4E09-9B33-F0AA091FBFFA}"
EndProject
Project("{FAE04EC0-301F-11D3-BF4B-00C04F79EFBC}") = "IntelligenceX.Tools.ADPlayground", "IntelligenceX.Tools\IntelligenceX.Tools.ADPlayground\IntelligenceX.Tools.ADPlayground.csproj", "{3C2E1D88-77BC-4099-898C-504890EF88BB}"
EndProject
Project("{FAE04EC0-301F-11D3-BF4B-00C04F79EFBC}") = "IntelligenceX.Tools.ReviewerSetup", "IntelligenceX.Tools\IntelligenceX.Tools.ReviewerSetup\IntelligenceX.Tools.ReviewerSetup.csproj", "{981F3A36-E46E-456B-86E2-42BE0A9AF0A5}"
EndProject
Project("{FAE04EC0-301F-11D3-BF4B-00C04F79EFBC}") = "IntelligenceX.Tools.OfficeIMO", "IntelligenceX.Tools\IntelligenceX.Tools.OfficeIMO\IntelligenceX.Tools.OfficeIMO.csproj", "{F7D6C3A2-E40E-4258-900E-8891EDD528CF}"
EndProject
Project("{FAE04EC0-301F-11D3-BF4B-00C04F79EFBC}") = "IntelligenceX.Chat.Tests", "IntelligenceX.Chat\IntelligenceX.Chat.Tests\IntelligenceX.Chat.Tests.csproj", "{7C7321C8-C3E7-4806-A228-57CADFEBA25D}"
EndProject
Project("{FAE04EC0-301F-11D3-BF4B-00C04F79EFBC}") = "IntelligenceX.Chat.Service", "IntelligenceX.Chat\IntelligenceX.Chat.Service\IntelligenceX.Chat.Service.csproj", "{33C0A178-6861-4699-813A-6CB0B9C09785}"
EndProject
Project("{FAE04EC0-301F-11D3-BF4B-00C04F79EFBC}") = "IntelligenceX.Chat.Abstractions", "IntelligenceX.Chat\IntelligenceX.Chat.Abstractions\IntelligenceX.Chat.Abstractions.csproj", "{3715FB20-02EF-4272-830E-B6DF00F01324}"
EndProject
Project("{FAE04EC0-301F-11D3-BF4B-00C04F79EFBC}") = "IntelligenceX.Chat.Profiles", "IntelligenceX.Chat\IntelligenceX.Chat.Profiles\IntelligenceX.Chat.Profiles.csproj", "{E1C8FB08-828F-4575-850D-55C138EB0D43}"
EndProject
Project("{FAE04EC0-301F-11D3-BF4B-00C04F79EFBC}") = "IntelligenceX.Tools.DnsClientX", "IntelligenceX.Tools\IntelligenceX.Tools.DnsClientX\IntelligenceX.Tools.DnsClientX.csproj", "{983C2216-05EA-44A1-B797-C6621A7FCE90}"
EndProject
Project("{FAE04EC0-301F-11D3-BF4B-00C04F79EFBC}") = "IntelligenceX.Tools.DomainDetective", "IntelligenceX.Tools\IntelligenceX.Tools.DomainDetective\IntelligenceX.Tools.DomainDetective.csproj", "{1671D108-F595-4408-A6FF-4DC6DE6FCB1C}"
EndProject
Global
	GlobalSection(SolutionConfigurationPlatforms) = preSolution
		Debug|Any CPU = Debug|Any CPU
		Debug|x64 = Debug|x64
		Debug|x86 = Debug|x86
		Release|Any CPU = Release|Any CPU
		Release|x64 = Release|x64
		Release|x86 = Release|x86
	EndGlobalSection
	GlobalSection(ProjectConfigurationPlatforms) = postSolution
		{3E89387D-4226-4CD0-B789-4EB31072407B}.Debug|Any CPU.ActiveCfg = Debug|Any CPU
		{3E89387D-4226-4CD0-B789-4EB31072407B}.Debug|Any CPU.Build.0 = Debug|Any CPU
		{3E89387D-4226-4CD0-B789-4EB31072407B}.Debug|x64.ActiveCfg = Debug|Any CPU
		{3E89387D-4226-4CD0-B789-4EB31072407B}.Debug|x64.Build.0 = Debug|Any CPU
		{3E89387D-4226-4CD0-B789-4EB31072407B}.Debug|x86.ActiveCfg = Debug|Any CPU
		{3E89387D-4226-4CD0-B789-4EB31072407B}.Debug|x86.Build.0 = Debug|Any CPU
		{3E89387D-4226-4CD0-B789-4EB31072407B}.Release|Any CPU.ActiveCfg = Release|Any CPU
		{3E89387D-4226-4CD0-B789-4EB31072407B}.Release|Any CPU.Build.0 = Release|Any CPU
		{3E89387D-4226-4CD0-B789-4EB31072407B}.Release|x64.ActiveCfg = Release|Any CPU
		{3E89387D-4226-4CD0-B789-4EB31072407B}.Release|x64.Build.0 = Release|Any CPU
		{3E89387D-4226-4CD0-B789-4EB31072407B}.Release|x86.ActiveCfg = Release|Any CPU
		{3E89387D-4226-4CD0-B789-4EB31072407B}.Release|x86.Build.0 = Release|Any CPU
		{A456475B-B4FB-4BE1-B4F0-24696CF58CCF}.Debug|Any CPU.ActiveCfg = Debug|Any CPU
		{A456475B-B4FB-4BE1-B4F0-24696CF58CCF}.Debug|Any CPU.Build.0 = Debug|Any CPU
		{A456475B-B4FB-4BE1-B4F0-24696CF58CCF}.Debug|x64.ActiveCfg = Debug|Any CPU
		{A456475B-B4FB-4BE1-B4F0-24696CF58CCF}.Debug|x64.Build.0 = Debug|Any CPU
		{A456475B-B4FB-4BE1-B4F0-24696CF58CCF}.Debug|x86.ActiveCfg = Debug|Any CPU
		{A456475B-B4FB-4BE1-B4F0-24696CF58CCF}.Debug|x86.Build.0 = Debug|Any CPU
		{A456475B-B4FB-4BE1-B4F0-24696CF58CCF}.Release|Any CPU.ActiveCfg = Release|Any CPU
		{A456475B-B4FB-4BE1-B4F0-24696CF58CCF}.Release|Any CPU.Build.0 = Release|Any CPU
		{A456475B-B4FB-4BE1-B4F0-24696CF58CCF}.Release|x64.ActiveCfg = Release|Any CPU
		{A456475B-B4FB-4BE1-B4F0-24696CF58CCF}.Release|x64.Build.0 = Release|Any CPU
		{A456475B-B4FB-4BE1-B4F0-24696CF58CCF}.Release|x86.ActiveCfg = Release|Any CPU
		{A456475B-B4FB-4BE1-B4F0-24696CF58CCF}.Release|x86.Build.0 = Release|Any CPU
		{5948D1C2-E149-48DE-892C-3FD23BD8AFB7}.Debug|Any CPU.ActiveCfg = Debug|Any CPU
		{5948D1C2-E149-48DE-892C-3FD23BD8AFB7}.Debug|Any CPU.Build.0 = Debug|Any CPU
		{5948D1C2-E149-48DE-892C-3FD23BD8AFB7}.Debug|x64.ActiveCfg = Debug|Any CPU
		{5948D1C2-E149-48DE-892C-3FD23BD8AFB7}.Debug|x64.Build.0 = Debug|Any CPU
		{5948D1C2-E149-48DE-892C-3FD23BD8AFB7}.Debug|x86.ActiveCfg = Debug|Any CPU
		{5948D1C2-E149-48DE-892C-3FD23BD8AFB7}.Debug|x86.Build.0 = Debug|Any CPU
		{5948D1C2-E149-48DE-892C-3FD23BD8AFB7}.Release|Any CPU.ActiveCfg = Release|Any CPU
		{5948D1C2-E149-48DE-892C-3FD23BD8AFB7}.Release|Any CPU.Build.0 = Release|Any CPU
		{5948D1C2-E149-48DE-892C-3FD23BD8AFB7}.Release|x64.ActiveCfg = Release|Any CPU
		{5948D1C2-E149-48DE-892C-3FD23BD8AFB7}.Release|x64.Build.0 = Release|Any CPU
		{5948D1C2-E149-48DE-892C-3FD23BD8AFB7}.Release|x86.ActiveCfg = Release|Any CPU
		{5948D1C2-E149-48DE-892C-3FD23BD8AFB7}.Release|x86.Build.0 = Release|Any CPU
		{9B7543D9-11EE-42BB-83F0-350B5A300CA8}.Debug|Any CPU.ActiveCfg = Debug|Any CPU
		{9B7543D9-11EE-42BB-83F0-350B5A300CA8}.Debug|Any CPU.Build.0 = Debug|Any CPU
		{9B7543D9-11EE-42BB-83F0-350B5A300CA8}.Debug|x64.ActiveCfg = Debug|Any CPU
		{9B7543D9-11EE-42BB-83F0-350B5A300CA8}.Debug|x64.Build.0 = Debug|Any CPU
		{9B7543D9-11EE-42BB-83F0-350B5A300CA8}.Debug|x86.ActiveCfg = Debug|Any CPU
		{9B7543D9-11EE-42BB-83F0-350B5A300CA8}.Debug|x86.Build.0 = Debug|Any CPU
		{9B7543D9-11EE-42BB-83F0-350B5A300CA8}.Release|Any CPU.ActiveCfg = Release|Any CPU
		{9B7543D9-11EE-42BB-83F0-350B5A300CA8}.Release|Any CPU.Build.0 = Release|Any CPU
		{9B7543D9-11EE-42BB-83F0-350B5A300CA8}.Release|x64.ActiveCfg = Release|Any CPU
		{9B7543D9-11EE-42BB-83F0-350B5A300CA8}.Release|x64.Build.0 = Release|Any CPU
		{9B7543D9-11EE-42BB-83F0-350B5A300CA8}.Release|x86.ActiveCfg = Release|Any CPU
		{9B7543D9-11EE-42BB-83F0-350B5A300CA8}.Release|x86.Build.0 = Release|Any CPU
		{4944FF21-A87E-44D9-8C32-55F174A14077}.Debug|Any CPU.ActiveCfg = Debug|Any CPU
		{4944FF21-A87E-44D9-8C32-55F174A14077}.Debug|Any CPU.Build.0 = Debug|Any CPU
		{4944FF21-A87E-44D9-8C32-55F174A14077}.Debug|x64.ActiveCfg = Debug|Any CPU
		{4944FF21-A87E-44D9-8C32-55F174A14077}.Debug|x64.Build.0 = Debug|Any CPU
		{4944FF21-A87E-44D9-8C32-55F174A14077}.Debug|x86.ActiveCfg = Debug|Any CPU
		{4944FF21-A87E-44D9-8C32-55F174A14077}.Debug|x86.Build.0 = Debug|Any CPU
		{4944FF21-A87E-44D9-8C32-55F174A14077}.Release|Any CPU.ActiveCfg = Release|Any CPU
		{4944FF21-A87E-44D9-8C32-55F174A14077}.Release|Any CPU.Build.0 = Release|Any CPU
		{4944FF21-A87E-44D9-8C32-55F174A14077}.Release|x64.ActiveCfg = Release|Any CPU
		{4944FF21-A87E-44D9-8C32-55F174A14077}.Release|x64.Build.0 = Release|Any CPU
		{4944FF21-A87E-44D9-8C32-55F174A14077}.Release|x86.ActiveCfg = Release|Any CPU
		{4944FF21-A87E-44D9-8C32-55F174A14077}.Release|x86.Build.0 = Release|Any CPU
		{3CC3EC98-2F2B-41FE-95B1-2E56ECC94A92}.Debug|Any CPU.ActiveCfg = Debug|Any CPU
		{3CC3EC98-2F2B-41FE-95B1-2E56ECC94A92}.Debug|Any CPU.Build.0 = Debug|Any CPU
		{3CC3EC98-2F2B-41FE-95B1-2E56ECC94A92}.Debug|x64.ActiveCfg = Debug|Any CPU
		{3CC3EC98-2F2B-41FE-95B1-2E56ECC94A92}.Debug|x64.Build.0 = Debug|Any CPU
		{3CC3EC98-2F2B-41FE-95B1-2E56ECC94A92}.Debug|x86.ActiveCfg = Debug|Any CPU
		{3CC3EC98-2F2B-41FE-95B1-2E56ECC94A92}.Debug|x86.Build.0 = Debug|Any CPU
		{3CC3EC98-2F2B-41FE-95B1-2E56ECC94A92}.Release|Any CPU.ActiveCfg = Release|Any CPU
		{3CC3EC98-2F2B-41FE-95B1-2E56ECC94A92}.Release|Any CPU.Build.0 = Release|Any CPU
		{3CC3EC98-2F2B-41FE-95B1-2E56ECC94A92}.Release|x64.ActiveCfg = Release|Any CPU
		{3CC3EC98-2F2B-41FE-95B1-2E56ECC94A92}.Release|x64.Build.0 = Release|Any CPU
		{3CC3EC98-2F2B-41FE-95B1-2E56ECC94A92}.Release|x86.ActiveCfg = Release|Any CPU
		{3CC3EC98-2F2B-41FE-95B1-2E56ECC94A92}.Release|x86.Build.0 = Release|Any CPU
		{D34B52A9-4A01-4F0C-AD2D-F7BC213167D1}.Debug|Any CPU.ActiveCfg = Debug|Any CPU
		{D34B52A9-4A01-4F0C-AD2D-F7BC213167D1}.Debug|Any CPU.Build.0 = Debug|Any CPU
		{D34B52A9-4A01-4F0C-AD2D-F7BC213167D1}.Debug|x64.ActiveCfg = Debug|Any CPU
		{D34B52A9-4A01-4F0C-AD2D-F7BC213167D1}.Debug|x64.Build.0 = Debug|Any CPU
		{D34B52A9-4A01-4F0C-AD2D-F7BC213167D1}.Debug|x86.ActiveCfg = Debug|Any CPU
		{D34B52A9-4A01-4F0C-AD2D-F7BC213167D1}.Debug|x86.Build.0 = Debug|Any CPU
		{D34B52A9-4A01-4F0C-AD2D-F7BC213167D1}.Release|Any CPU.ActiveCfg = Release|Any CPU
		{D34B52A9-4A01-4F0C-AD2D-F7BC213167D1}.Release|Any CPU.Build.0 = Release|Any CPU
		{D34B52A9-4A01-4F0C-AD2D-F7BC213167D1}.Release|x64.ActiveCfg = Release|Any CPU
		{D34B52A9-4A01-4F0C-AD2D-F7BC213167D1}.Release|x64.Build.0 = Release|Any CPU
		{D34B52A9-4A01-4F0C-AD2D-F7BC213167D1}.Release|x86.ActiveCfg = Release|Any CPU
		{D34B52A9-4A01-4F0C-AD2D-F7BC213167D1}.Release|x86.Build.0 = Release|Any CPU
		{B82DE122-9FC2-4076-AAAC-B049D7301033}.Debug|Any CPU.ActiveCfg = Debug|Any CPU
		{B82DE122-9FC2-4076-AAAC-B049D7301033}.Debug|Any CPU.Build.0 = Debug|Any CPU
		{B82DE122-9FC2-4076-AAAC-B049D7301033}.Debug|x64.ActiveCfg = Debug|Any CPU
		{B82DE122-9FC2-4076-AAAC-B049D7301033}.Debug|x64.Build.0 = Debug|Any CPU
		{B82DE122-9FC2-4076-AAAC-B049D7301033}.Debug|x86.ActiveCfg = Debug|Any CPU
		{B82DE122-9FC2-4076-AAAC-B049D7301033}.Debug|x86.Build.0 = Debug|Any CPU
		{B82DE122-9FC2-4076-AAAC-B049D7301033}.Release|Any CPU.ActiveCfg = Release|Any CPU
		{B82DE122-9FC2-4076-AAAC-B049D7301033}.Release|Any CPU.Build.0 = Release|Any CPU
		{B82DE122-9FC2-4076-AAAC-B049D7301033}.Release|x64.ActiveCfg = Release|Any CPU
		{B82DE122-9FC2-4076-AAAC-B049D7301033}.Release|x64.Build.0 = Release|Any CPU
		{B82DE122-9FC2-4076-AAAC-B049D7301033}.Release|x86.ActiveCfg = Release|Any CPU
		{B82DE122-9FC2-4076-AAAC-B049D7301033}.Release|x86.Build.0 = Release|Any CPU
		{6E311E8E-7060-490C-B7CC-AC7FE8ACFC03}.Debug|Any CPU.ActiveCfg = Debug|Any CPU
		{6E311E8E-7060-490C-B7CC-AC7FE8ACFC03}.Debug|Any CPU.Build.0 = Debug|Any CPU
		{6E311E8E-7060-490C-B7CC-AC7FE8ACFC03}.Debug|x64.ActiveCfg = Debug|Any CPU
		{6E311E8E-7060-490C-B7CC-AC7FE8ACFC03}.Debug|x64.Build.0 = Debug|Any CPU
		{6E311E8E-7060-490C-B7CC-AC7FE8ACFC03}.Debug|x86.ActiveCfg = Debug|Any CPU
		{6E311E8E-7060-490C-B7CC-AC7FE8ACFC03}.Debug|x86.Build.0 = Debug|Any CPU
		{6E311E8E-7060-490C-B7CC-AC7FE8ACFC03}.Release|Any CPU.ActiveCfg = Release|Any CPU
		{6E311E8E-7060-490C-B7CC-AC7FE8ACFC03}.Release|Any CPU.Build.0 = Release|Any CPU
		{6E311E8E-7060-490C-B7CC-AC7FE8ACFC03}.Release|x64.ActiveCfg = Release|Any CPU
		{6E311E8E-7060-490C-B7CC-AC7FE8ACFC03}.Release|x64.Build.0 = Release|Any CPU
		{6E311E8E-7060-490C-B7CC-AC7FE8ACFC03}.Release|x86.ActiveCfg = Release|Any CPU
		{6E311E8E-7060-490C-B7CC-AC7FE8ACFC03}.Release|x86.Build.0 = Release|Any CPU
		{2C7B4947-FD8F-484E-886A-A62A2222556E}.Debug|Any CPU.ActiveCfg = Debug|Any CPU
		{2C7B4947-FD8F-484E-886A-A62A2222556E}.Debug|Any CPU.Build.0 = Debug|Any CPU
		{2C7B4947-FD8F-484E-886A-A62A2222556E}.Debug|x64.ActiveCfg = Debug|Any CPU
		{2C7B4947-FD8F-484E-886A-A62A2222556E}.Debug|x64.Build.0 = Debug|Any CPU
		{2C7B4947-FD8F-484E-886A-A62A2222556E}.Debug|x86.ActiveCfg = Debug|Any CPU
		{2C7B4947-FD8F-484E-886A-A62A2222556E}.Debug|x86.Build.0 = Debug|Any CPU
		{2C7B4947-FD8F-484E-886A-A62A2222556E}.Release|Any CPU.ActiveCfg = Release|Any CPU
		{2C7B4947-FD8F-484E-886A-A62A2222556E}.Release|Any CPU.Build.0 = Release|Any CPU
		{2C7B4947-FD8F-484E-886A-A62A2222556E}.Release|x64.ActiveCfg = Release|Any CPU
		{2C7B4947-FD8F-484E-886A-A62A2222556E}.Release|x64.Build.0 = Release|Any CPU
		{2C7B4947-FD8F-484E-886A-A62A2222556E}.Release|x86.ActiveCfg = Release|Any CPU
		{2C7B4947-FD8F-484E-886A-A62A2222556E}.Release|x86.Build.0 = Release|Any CPU
		{1665D53D-BCAD-4EF4-BC67-71BD62B668BA}.Debug|Any CPU.ActiveCfg = Debug|Any CPU
		{1665D53D-BCAD-4EF4-BC67-71BD62B668BA}.Debug|Any CPU.Build.0 = Debug|Any CPU
		{1665D53D-BCAD-4EF4-BC67-71BD62B668BA}.Debug|x64.ActiveCfg = Debug|Any CPU
		{1665D53D-BCAD-4EF4-BC67-71BD62B668BA}.Debug|x64.Build.0 = Debug|Any CPU
		{1665D53D-BCAD-4EF4-BC67-71BD62B668BA}.Debug|x86.ActiveCfg = Debug|Any CPU
		{1665D53D-BCAD-4EF4-BC67-71BD62B668BA}.Debug|x86.Build.0 = Debug|Any CPU
		{1665D53D-BCAD-4EF4-BC67-71BD62B668BA}.Release|Any CPU.ActiveCfg = Release|Any CPU
		{1665D53D-BCAD-4EF4-BC67-71BD62B668BA}.Release|Any CPU.Build.0 = Release|Any CPU
		{1665D53D-BCAD-4EF4-BC67-71BD62B668BA}.Release|x64.ActiveCfg = Release|Any CPU
		{1665D53D-BCAD-4EF4-BC67-71BD62B668BA}.Release|x64.Build.0 = Release|Any CPU
		{1665D53D-BCAD-4EF4-BC67-71BD62B668BA}.Release|x86.ActiveCfg = Release|Any CPU
		{1665D53D-BCAD-4EF4-BC67-71BD62B668BA}.Release|x86.Build.0 = Release|Any CPU
		{F9CFDD1C-CBFD-4BD3-B448-6DD115311988}.Debug|Any CPU.ActiveCfg = Debug|Any CPU
		{F9CFDD1C-CBFD-4BD3-B448-6DD115311988}.Debug|Any CPU.Build.0 = Debug|Any CPU
		{F9CFDD1C-CBFD-4BD3-B448-6DD115311988}.Debug|x64.ActiveCfg = Debug|Any CPU
		{F9CFDD1C-CBFD-4BD3-B448-6DD115311988}.Debug|x64.Build.0 = Debug|Any CPU
		{F9CFDD1C-CBFD-4BD3-B448-6DD115311988}.Debug|x86.ActiveCfg = Debug|Any CPU
		{F9CFDD1C-CBFD-4BD3-B448-6DD115311988}.Debug|x86.Build.0 = Debug|Any CPU
		{F9CFDD1C-CBFD-4BD3-B448-6DD115311988}.Release|Any CPU.ActiveCfg = Release|Any CPU
		{F9CFDD1C-CBFD-4BD3-B448-6DD115311988}.Release|Any CPU.Build.0 = Release|Any CPU
		{F9CFDD1C-CBFD-4BD3-B448-6DD115311988}.Release|x64.ActiveCfg = Release|Any CPU
		{F9CFDD1C-CBFD-4BD3-B448-6DD115311988}.Release|x64.Build.0 = Release|Any CPU
		{F9CFDD1C-CBFD-4BD3-B448-6DD115311988}.Release|x86.ActiveCfg = Release|Any CPU
		{F9CFDD1C-CBFD-4BD3-B448-6DD115311988}.Release|x86.Build.0 = Release|Any CPU
		{83840D32-CD58-4700-973E-9954CF4407C8}.Debug|Any CPU.ActiveCfg = Debug|Any CPU
		{83840D32-CD58-4700-973E-9954CF4407C8}.Debug|Any CPU.Build.0 = Debug|Any CPU
		{83840D32-CD58-4700-973E-9954CF4407C8}.Debug|x64.ActiveCfg = Debug|Any CPU
		{83840D32-CD58-4700-973E-9954CF4407C8}.Debug|x64.Build.0 = Debug|Any CPU
		{83840D32-CD58-4700-973E-9954CF4407C8}.Debug|x86.ActiveCfg = Debug|Any CPU
		{83840D32-CD58-4700-973E-9954CF4407C8}.Debug|x86.Build.0 = Debug|Any CPU
		{83840D32-CD58-4700-973E-9954CF4407C8}.Release|Any CPU.ActiveCfg = Release|Any CPU
		{83840D32-CD58-4700-973E-9954CF4407C8}.Release|Any CPU.Build.0 = Release|Any CPU
		{83840D32-CD58-4700-973E-9954CF4407C8}.Release|x64.ActiveCfg = Release|Any CPU
		{83840D32-CD58-4700-973E-9954CF4407C8}.Release|x64.Build.0 = Release|Any CPU
		{83840D32-CD58-4700-973E-9954CF4407C8}.Release|x86.ActiveCfg = Release|Any CPU
		{83840D32-CD58-4700-973E-9954CF4407C8}.Release|x86.Build.0 = Release|Any CPU
		{52F57020-A643-4019-90C6-8C47C6C925A8}.Debug|Any CPU.ActiveCfg = Debug|Any CPU
		{52F57020-A643-4019-90C6-8C47C6C925A8}.Debug|Any CPU.Build.0 = Debug|Any CPU
		{52F57020-A643-4019-90C6-8C47C6C925A8}.Debug|x64.ActiveCfg = Debug|Any CPU
		{52F57020-A643-4019-90C6-8C47C6C925A8}.Debug|x64.Build.0 = Debug|Any CPU
		{52F57020-A643-4019-90C6-8C47C6C925A8}.Debug|x86.ActiveCfg = Debug|Any CPU
		{52F57020-A643-4019-90C6-8C47C6C925A8}.Debug|x86.Build.0 = Debug|Any CPU
		{52F57020-A643-4019-90C6-8C47C6C925A8}.Release|Any CPU.ActiveCfg = Release|Any CPU
		{52F57020-A643-4019-90C6-8C47C6C925A8}.Release|Any CPU.Build.0 = Release|Any CPU
		{52F57020-A643-4019-90C6-8C47C6C925A8}.Release|x64.ActiveCfg = Release|Any CPU
		{52F57020-A643-4019-90C6-8C47C6C925A8}.Release|x64.Build.0 = Release|Any CPU
		{52F57020-A643-4019-90C6-8C47C6C925A8}.Release|x86.ActiveCfg = Release|Any CPU
		{52F57020-A643-4019-90C6-8C47C6C925A8}.Release|x86.Build.0 = Release|Any CPU
		{5683B956-F881-4AB6-BE98-15AB1734AA6E}.Debug|Any CPU.ActiveCfg = Debug|Any CPU
		{5683B956-F881-4AB6-BE98-15AB1734AA6E}.Debug|Any CPU.Build.0 = Debug|Any CPU
		{5683B956-F881-4AB6-BE98-15AB1734AA6E}.Debug|x64.ActiveCfg = Debug|Any CPU
		{5683B956-F881-4AB6-BE98-15AB1734AA6E}.Debug|x64.Build.0 = Debug|Any CPU
		{5683B956-F881-4AB6-BE98-15AB1734AA6E}.Debug|x86.ActiveCfg = Debug|Any CPU
		{5683B956-F881-4AB6-BE98-15AB1734AA6E}.Debug|x86.Build.0 = Debug|Any CPU
		{5683B956-F881-4AB6-BE98-15AB1734AA6E}.Release|Any CPU.ActiveCfg = Release|Any CPU
		{5683B956-F881-4AB6-BE98-15AB1734AA6E}.Release|Any CPU.Build.0 = Release|Any CPU
		{5683B956-F881-4AB6-BE98-15AB1734AA6E}.Release|x64.ActiveCfg = Release|Any CPU
		{5683B956-F881-4AB6-BE98-15AB1734AA6E}.Release|x64.Build.0 = Release|Any CPU
		{5683B956-F881-4AB6-BE98-15AB1734AA6E}.Release|x86.ActiveCfg = Release|Any CPU
		{5683B956-F881-4AB6-BE98-15AB1734AA6E}.Release|x86.Build.0 = Release|Any CPU
		{3E50D0B7-9ED0-4562-B4C6-47EDB0DF0177}.Debug|Any CPU.ActiveCfg = Debug|Any CPU
		{3E50D0B7-9ED0-4562-B4C6-47EDB0DF0177}.Debug|Any CPU.Build.0 = Debug|Any CPU
		{3E50D0B7-9ED0-4562-B4C6-47EDB0DF0177}.Debug|x64.ActiveCfg = Debug|Any CPU
		{3E50D0B7-9ED0-4562-B4C6-47EDB0DF0177}.Debug|x64.Build.0 = Debug|Any CPU
		{3E50D0B7-9ED0-4562-B4C6-47EDB0DF0177}.Debug|x86.ActiveCfg = Debug|Any CPU
		{3E50D0B7-9ED0-4562-B4C6-47EDB0DF0177}.Debug|x86.Build.0 = Debug|Any CPU
		{3E50D0B7-9ED0-4562-B4C6-47EDB0DF0177}.Release|Any CPU.ActiveCfg = Release|Any CPU
		{3E50D0B7-9ED0-4562-B4C6-47EDB0DF0177}.Release|Any CPU.Build.0 = Release|Any CPU
		{3E50D0B7-9ED0-4562-B4C6-47EDB0DF0177}.Release|x64.ActiveCfg = Release|Any CPU
		{3E50D0B7-9ED0-4562-B4C6-47EDB0DF0177}.Release|x64.Build.0 = Release|Any CPU
		{3E50D0B7-9ED0-4562-B4C6-47EDB0DF0177}.Release|x86.ActiveCfg = Release|Any CPU
		{3E50D0B7-9ED0-4562-B4C6-47EDB0DF0177}.Release|x86.Build.0 = Release|Any CPU
		{7BFA8BFA-62DF-4E09-9B33-F0AA091FBFFA}.Debug|Any CPU.ActiveCfg = Debug|Any CPU
		{7BFA8BFA-62DF-4E09-9B33-F0AA091FBFFA}.Debug|Any CPU.Build.0 = Debug|Any CPU
		{7BFA8BFA-62DF-4E09-9B33-F0AA091FBFFA}.Debug|x64.ActiveCfg = Debug|Any CPU
		{7BFA8BFA-62DF-4E09-9B33-F0AA091FBFFA}.Debug|x64.Build.0 = Debug|Any CPU
		{7BFA8BFA-62DF-4E09-9B33-F0AA091FBFFA}.Debug|x86.ActiveCfg = Debug|Any CPU
		{7BFA8BFA-62DF-4E09-9B33-F0AA091FBFFA}.Debug|x86.Build.0 = Debug|Any CPU
		{7BFA8BFA-62DF-4E09-9B33-F0AA091FBFFA}.Release|Any CPU.ActiveCfg = Release|Any CPU
		{7BFA8BFA-62DF-4E09-9B33-F0AA091FBFFA}.Release|Any CPU.Build.0 = Release|Any CPU
		{7BFA8BFA-62DF-4E09-9B33-F0AA091FBFFA}.Release|x64.ActiveCfg = Release|Any CPU
		{7BFA8BFA-62DF-4E09-9B33-F0AA091FBFFA}.Release|x64.Build.0 = Release|Any CPU
		{7BFA8BFA-62DF-4E09-9B33-F0AA091FBFFA}.Release|x86.ActiveCfg = Release|Any CPU
		{7BFA8BFA-62DF-4E09-9B33-F0AA091FBFFA}.Release|x86.Build.0 = Release|Any CPU
		{3C2E1D88-77BC-4099-898C-504890EF88BB}.Debug|Any CPU.ActiveCfg = Debug|Any CPU
		{3C2E1D88-77BC-4099-898C-504890EF88BB}.Debug|Any CPU.Build.0 = Debug|Any CPU
		{3C2E1D88-77BC-4099-898C-504890EF88BB}.Debug|x64.ActiveCfg = Debug|Any CPU
		{3C2E1D88-77BC-4099-898C-504890EF88BB}.Debug|x64.Build.0 = Debug|Any CPU
		{3C2E1D88-77BC-4099-898C-504890EF88BB}.Debug|x86.ActiveCfg = Debug|Any CPU
		{3C2E1D88-77BC-4099-898C-504890EF88BB}.Debug|x86.Build.0 = Debug|Any CPU
		{3C2E1D88-77BC-4099-898C-504890EF88BB}.Release|Any CPU.ActiveCfg = Release|Any CPU
		{3C2E1D88-77BC-4099-898C-504890EF88BB}.Release|Any CPU.Build.0 = Release|Any CPU
		{3C2E1D88-77BC-4099-898C-504890EF88BB}.Release|x64.ActiveCfg = Release|Any CPU
		{3C2E1D88-77BC-4099-898C-504890EF88BB}.Release|x64.Build.0 = Release|Any CPU
		{3C2E1D88-77BC-4099-898C-504890EF88BB}.Release|x86.ActiveCfg = Release|Any CPU
		{3C2E1D88-77BC-4099-898C-504890EF88BB}.Release|x86.Build.0 = Release|Any CPU
		{981F3A36-E46E-456B-86E2-42BE0A9AF0A5}.Debug|Any CPU.ActiveCfg = Debug|Any CPU
		{981F3A36-E46E-456B-86E2-42BE0A9AF0A5}.Debug|Any CPU.Build.0 = Debug|Any CPU
		{981F3A36-E46E-456B-86E2-42BE0A9AF0A5}.Debug|x64.ActiveCfg = Debug|Any CPU
		{981F3A36-E46E-456B-86E2-42BE0A9AF0A5}.Debug|x64.Build.0 = Debug|Any CPU
		{981F3A36-E46E-456B-86E2-42BE0A9AF0A5}.Debug|x86.ActiveCfg = Debug|Any CPU
		{981F3A36-E46E-456B-86E2-42BE0A9AF0A5}.Debug|x86.Build.0 = Debug|Any CPU
		{981F3A36-E46E-456B-86E2-42BE0A9AF0A5}.Release|Any CPU.ActiveCfg = Release|Any CPU
		{981F3A36-E46E-456B-86E2-42BE0A9AF0A5}.Release|Any CPU.Build.0 = Release|Any CPU
		{981F3A36-E46E-456B-86E2-42BE0A9AF0A5}.Release|x64.ActiveCfg = Release|Any CPU
		{981F3A36-E46E-456B-86E2-42BE0A9AF0A5}.Release|x64.Build.0 = Release|Any CPU
		{981F3A36-E46E-456B-86E2-42BE0A9AF0A5}.Release|x86.ActiveCfg = Release|Any CPU
		{981F3A36-E46E-456B-86E2-42BE0A9AF0A5}.Release|x86.Build.0 = Release|Any CPU
		{F7D6C3A2-E40E-4258-900E-8891EDD528CF}.Debug|Any CPU.ActiveCfg = Debug|Any CPU
		{F7D6C3A2-E40E-4258-900E-8891EDD528CF}.Debug|Any CPU.Build.0 = Debug|Any CPU
		{F7D6C3A2-E40E-4258-900E-8891EDD528CF}.Debug|x64.ActiveCfg = Debug|Any CPU
		{F7D6C3A2-E40E-4258-900E-8891EDD528CF}.Debug|x64.Build.0 = Debug|Any CPU
		{F7D6C3A2-E40E-4258-900E-8891EDD528CF}.Debug|x86.ActiveCfg = Debug|Any CPU
		{F7D6C3A2-E40E-4258-900E-8891EDD528CF}.Debug|x86.Build.0 = Debug|Any CPU
		{F7D6C3A2-E40E-4258-900E-8891EDD528CF}.Release|Any CPU.ActiveCfg = Release|Any CPU
		{F7D6C3A2-E40E-4258-900E-8891EDD528CF}.Release|Any CPU.Build.0 = Release|Any CPU
		{F7D6C3A2-E40E-4258-900E-8891EDD528CF}.Release|x64.ActiveCfg = Release|Any CPU
		{F7D6C3A2-E40E-4258-900E-8891EDD528CF}.Release|x64.Build.0 = Release|Any CPU
		{F7D6C3A2-E40E-4258-900E-8891EDD528CF}.Release|x86.ActiveCfg = Release|Any CPU
		{F7D6C3A2-E40E-4258-900E-8891EDD528CF}.Release|x86.Build.0 = Release|Any CPU
		{7C7321C8-C3E7-4806-A228-57CADFEBA25D}.Debug|Any CPU.ActiveCfg = Debug|Any CPU
		{7C7321C8-C3E7-4806-A228-57CADFEBA25D}.Debug|Any CPU.Build.0 = Debug|Any CPU
		{7C7321C8-C3E7-4806-A228-57CADFEBA25D}.Debug|x64.ActiveCfg = Debug|Any CPU
		{7C7321C8-C3E7-4806-A228-57CADFEBA25D}.Debug|x64.Build.0 = Debug|Any CPU
		{7C7321C8-C3E7-4806-A228-57CADFEBA25D}.Debug|x86.ActiveCfg = Debug|Any CPU
		{7C7321C8-C3E7-4806-A228-57CADFEBA25D}.Debug|x86.Build.0 = Debug|Any CPU
		{7C7321C8-C3E7-4806-A228-57CADFEBA25D}.Release|Any CPU.ActiveCfg = Release|Any CPU
		{7C7321C8-C3E7-4806-A228-57CADFEBA25D}.Release|Any CPU.Build.0 = Release|Any CPU
		{7C7321C8-C3E7-4806-A228-57CADFEBA25D}.Release|x64.ActiveCfg = Release|Any CPU
		{7C7321C8-C3E7-4806-A228-57CADFEBA25D}.Release|x64.Build.0 = Release|Any CPU
		{7C7321C8-C3E7-4806-A228-57CADFEBA25D}.Release|x86.ActiveCfg = Release|Any CPU
		{7C7321C8-C3E7-4806-A228-57CADFEBA25D}.Release|x86.Build.0 = Release|Any CPU
		{33C0A178-6861-4699-813A-6CB0B9C09785}.Debug|Any CPU.ActiveCfg = Debug|Any CPU
		{33C0A178-6861-4699-813A-6CB0B9C09785}.Debug|Any CPU.Build.0 = Debug|Any CPU
		{33C0A178-6861-4699-813A-6CB0B9C09785}.Debug|x64.ActiveCfg = Debug|Any CPU
		{33C0A178-6861-4699-813A-6CB0B9C09785}.Debug|x64.Build.0 = Debug|Any CPU
		{33C0A178-6861-4699-813A-6CB0B9C09785}.Debug|x86.ActiveCfg = Debug|Any CPU
		{33C0A178-6861-4699-813A-6CB0B9C09785}.Debug|x86.Build.0 = Debug|Any CPU
		{33C0A178-6861-4699-813A-6CB0B9C09785}.Release|Any CPU.ActiveCfg = Release|Any CPU
		{33C0A178-6861-4699-813A-6CB0B9C09785}.Release|Any CPU.Build.0 = Release|Any CPU
		{33C0A178-6861-4699-813A-6CB0B9C09785}.Release|x64.ActiveCfg = Release|Any CPU
		{33C0A178-6861-4699-813A-6CB0B9C09785}.Release|x64.Build.0 = Release|Any CPU
		{33C0A178-6861-4699-813A-6CB0B9C09785}.Release|x86.ActiveCfg = Release|Any CPU
		{33C0A178-6861-4699-813A-6CB0B9C09785}.Release|x86.Build.0 = Release|Any CPU
		{3715FB20-02EF-4272-830E-B6DF00F01324}.Debug|Any CPU.ActiveCfg = Debug|Any CPU
		{3715FB20-02EF-4272-830E-B6DF00F01324}.Debug|Any CPU.Build.0 = Debug|Any CPU
		{3715FB20-02EF-4272-830E-B6DF00F01324}.Debug|x64.ActiveCfg = Debug|Any CPU
		{3715FB20-02EF-4272-830E-B6DF00F01324}.Debug|x64.Build.0 = Debug|Any CPU
		{3715FB20-02EF-4272-830E-B6DF00F01324}.Debug|x86.ActiveCfg = Debug|Any CPU
		{3715FB20-02EF-4272-830E-B6DF00F01324}.Debug|x86.Build.0 = Debug|Any CPU
		{3715FB20-02EF-4272-830E-B6DF00F01324}.Release|Any CPU.ActiveCfg = Release|Any CPU
		{3715FB20-02EF-4272-830E-B6DF00F01324}.Release|Any CPU.Build.0 = Release|Any CPU
		{3715FB20-02EF-4272-830E-B6DF00F01324}.Release|x64.ActiveCfg = Release|Any CPU
		{3715FB20-02EF-4272-830E-B6DF00F01324}.Release|x64.Build.0 = Release|Any CPU
		{3715FB20-02EF-4272-830E-B6DF00F01324}.Release|x86.ActiveCfg = Release|Any CPU
		{3715FB20-02EF-4272-830E-B6DF00F01324}.Release|x86.Build.0 = Release|Any CPU
		{E1C8FB08-828F-4575-850D-55C138EB0D43}.Debug|Any CPU.ActiveCfg = Debug|Any CPU
		{E1C8FB08-828F-4575-850D-55C138EB0D43}.Debug|Any CPU.Build.0 = Debug|Any CPU
		{E1C8FB08-828F-4575-850D-55C138EB0D43}.Debug|x64.ActiveCfg = Debug|Any CPU
		{E1C8FB08-828F-4575-850D-55C138EB0D43}.Debug|x64.Build.0 = Debug|Any CPU
		{E1C8FB08-828F-4575-850D-55C138EB0D43}.Debug|x86.ActiveCfg = Debug|Any CPU
		{E1C8FB08-828F-4575-850D-55C138EB0D43}.Debug|x86.Build.0 = Debug|Any CPU
		{E1C8FB08-828F-4575-850D-55C138EB0D43}.Release|Any CPU.ActiveCfg = Release|Any CPU
		{E1C8FB08-828F-4575-850D-55C138EB0D43}.Release|Any CPU.Build.0 = Release|Any CPU
		{E1C8FB08-828F-4575-850D-55C138EB0D43}.Release|x64.ActiveCfg = Release|Any CPU
		{E1C8FB08-828F-4575-850D-55C138EB0D43}.Release|x64.Build.0 = Release|Any CPU
		{E1C8FB08-828F-4575-850D-55C138EB0D43}.Release|x86.ActiveCfg = Release|Any CPU
		{E1C8FB08-828F-4575-850D-55C138EB0D43}.Release|x86.Build.0 = Release|Any CPU
		{983C2216-05EA-44A1-B797-C6621A7FCE90}.Debug|Any CPU.ActiveCfg = Debug|Any CPU
		{983C2216-05EA-44A1-B797-C6621A7FCE90}.Debug|Any CPU.Build.0 = Debug|Any CPU
		{983C2216-05EA-44A1-B797-C6621A7FCE90}.Debug|x64.ActiveCfg = Debug|Any CPU
		{983C2216-05EA-44A1-B797-C6621A7FCE90}.Debug|x64.Build.0 = Debug|Any CPU
		{983C2216-05EA-44A1-B797-C6621A7FCE90}.Debug|x86.ActiveCfg = Debug|Any CPU
		{983C2216-05EA-44A1-B797-C6621A7FCE90}.Debug|x86.Build.0 = Debug|Any CPU
		{983C2216-05EA-44A1-B797-C6621A7FCE90}.Release|Any CPU.ActiveCfg = Release|Any CPU
		{983C2216-05EA-44A1-B797-C6621A7FCE90}.Release|Any CPU.Build.0 = Release|Any CPU
		{983C2216-05EA-44A1-B797-C6621A7FCE90}.Release|x64.ActiveCfg = Release|Any CPU
		{983C2216-05EA-44A1-B797-C6621A7FCE90}.Release|x64.Build.0 = Release|Any CPU
		{983C2216-05EA-44A1-B797-C6621A7FCE90}.Release|x86.ActiveCfg = Release|Any CPU
		{983C2216-05EA-44A1-B797-C6621A7FCE90}.Release|x86.Build.0 = Release|Any CPU
		{1671D108-F595-4408-A6FF-4DC6DE6FCB1C}.Debug|Any CPU.ActiveCfg = Debug|Any CPU
		{1671D108-F595-4408-A6FF-4DC6DE6FCB1C}.Debug|Any CPU.Build.0 = Debug|Any CPU
		{1671D108-F595-4408-A6FF-4DC6DE6FCB1C}.Debug|x64.ActiveCfg = Debug|Any CPU
		{1671D108-F595-4408-A6FF-4DC6DE6FCB1C}.Debug|x64.Build.0 = Debug|Any CPU
		{1671D108-F595-4408-A6FF-4DC6DE6FCB1C}.Debug|x86.ActiveCfg = Debug|Any CPU
		{1671D108-F595-4408-A6FF-4DC6DE6FCB1C}.Debug|x86.Build.0 = Debug|Any CPU
		{1671D108-F595-4408-A6FF-4DC6DE6FCB1C}.Release|Any CPU.ActiveCfg = Release|Any CPU
		{1671D108-F595-4408-A6FF-4DC6DE6FCB1C}.Release|Any CPU.Build.0 = Release|Any CPU
		{1671D108-F595-4408-A6FF-4DC6DE6FCB1C}.Release|x64.ActiveCfg = Release|Any CPU
		{1671D108-F595-4408-A6FF-4DC6DE6FCB1C}.Release|x64.Build.0 = Release|Any CPU
		{1671D108-F595-4408-A6FF-4DC6DE6FCB1C}.Release|x86.ActiveCfg = Release|Any CPU
		{1671D108-F595-4408-A6FF-4DC6DE6FCB1C}.Release|x86.Build.0 = Release|Any CPU
	EndGlobalSection
	GlobalSection(SolutionProperties) = preSolution
		HideSolutionNode = FALSE
	EndGlobalSection
	GlobalSection(NestedProjects) = preSolution
		{B82DE122-9FC2-4076-AAAC-B049D7301033} = {D1F1BB08-BE39-95C4-A2DF-241D33B14E3E}
		{6E311E8E-7060-490C-B7CC-AC7FE8ACFC03} = {D1F1BB08-BE39-95C4-A2DF-241D33B14E3E}
		{2C7B4947-FD8F-484E-886A-A62A2222556E} = {456B5869-3828-0104-04B0-1197E73E3D4A}
		{1665D53D-BCAD-4EF4-BC67-71BD62B668BA} = {456B5869-3828-0104-04B0-1197E73E3D4A}
		{F9CFDD1C-CBFD-4BD3-B448-6DD115311988} = {456B5869-3828-0104-04B0-1197E73E3D4A}
		{83840D32-CD58-4700-973E-9954CF4407C8} = {456B5869-3828-0104-04B0-1197E73E3D4A}
		{52F57020-A643-4019-90C6-8C47C6C925A8} = {456B5869-3828-0104-04B0-1197E73E3D4A}
		{5683B956-F881-4AB6-BE98-15AB1734AA6E} = {456B5869-3828-0104-04B0-1197E73E3D4A}
		{3E50D0B7-9ED0-4562-B4C6-47EDB0DF0177} = {456B5869-3828-0104-04B0-1197E73E3D4A}
		{7BFA8BFA-62DF-4E09-9B33-F0AA091FBFFA} = {456B5869-3828-0104-04B0-1197E73E3D4A}
		{3C2E1D88-77BC-4099-898C-504890EF88BB} = {456B5869-3828-0104-04B0-1197E73E3D4A}
		{981F3A36-E46E-456B-86E2-42BE0A9AF0A5} = {456B5869-3828-0104-04B0-1197E73E3D4A}
		{F7D6C3A2-E40E-4258-900E-8891EDD528CF} = {456B5869-3828-0104-04B0-1197E73E3D4A}
		{7C7321C8-C3E7-4806-A228-57CADFEBA25D} = {D1F1BB08-BE39-95C4-A2DF-241D33B14E3E}
		{33C0A178-6861-4699-813A-6CB0B9C09785} = {D1F1BB08-BE39-95C4-A2DF-241D33B14E3E}
		{3715FB20-02EF-4272-830E-B6DF00F01324} = {D1F1BB08-BE39-95C4-A2DF-241D33B14E3E}
		{E1C8FB08-828F-4575-850D-55C138EB0D43} = {D1F1BB08-BE39-95C4-A2DF-241D33B14E3E}
		{983C2216-05EA-44A1-B797-C6621A7FCE90} = {456B5869-3828-0104-04B0-1197E73E3D4A}
		{1671D108-F595-4408-A6FF-4DC6DE6FCB1C} = {456B5869-3828-0104-04B0-1197E73E3D4A}
	EndGlobalSection
EndGlobal
